// !$*UTF8*$!
{
	archiveVersion = 1;
	classes = {
	};
	objectVersion = 56;
	objects = {

/* Begin PBXBuildFile section */
		440FC12B2A516D5000D0605A /* Constants.swift in Sources */ = {isa = PBXBuildFile; fileRef = 440FC12A2A516D5000D0605A /* Constants.swift */; };
		4433D0912A4EC18800DF0E15 /* GameLevel.swift in Sources */ = {isa = PBXBuildFile; fileRef = 4433D0902A4EC18800DF0E15 /* GameLevel.swift */; };
		4433D0932A50A22100DF0E15 /* TextFieldView.swift in Sources */ = {isa = PBXBuildFile; fileRef = 4433D0922A50A22000DF0E15 /* TextFieldView.swift */; };
		4433D0952A50B5E100DF0E15 /* AttemptFrameView.swift in Sources */ = {isa = PBXBuildFile; fileRef = 4433D0942A50B5E100DF0E15 /* AttemptFrameView.swift */; };
		4463B1E3298A60D10013690D /* GuessNumberApp.swift in Sources */ = {isa = PBXBuildFile; fileRef = 4463B1E2298A60D10013690D /* GuessNumberApp.swift */; };
		4463B1E5298A60D10013690D /* MainScreen.swift in Sources */ = {isa = PBXBuildFile; fileRef = 4463B1E4298A60D10013690D /* MainScreen.swift */; };
		4463B1E7298A60D30013690D /* Assets.xcassets in Resources */ = {isa = PBXBuildFile; fileRef = 4463B1E6298A60D30013690D /* Assets.xcassets */; };
		4463B1EA298A60D30013690D /* Preview Assets.xcassets in Resources */ = {isa = PBXBuildFile; fileRef = 4463B1E9298A60D30013690D /* Preview Assets.xcassets */; };
		4463B1F7298A73E40013690D /* BackgroundView.swift in Sources */ = {isa = PBXBuildFile; fileRef = 4463B1F6298A73E40013690D /* BackgroundView.swift */; };
		44C3430E2A447BFC00C56E4E /* TextFrameView.swift in Sources */ = {isa = PBXBuildFile; fileRef = 44C3430D2A447BFC00C56E4E /* TextFrameView.swift */; };
		44C343102A447F2700C56E4E /* LevelButtonsView.swift in Sources */ = {isa = PBXBuildFile; fileRef = 44C3430F2A447F2700C56E4E /* LevelButtonsView.swift */; };
		44C343122A44802200C56E4E /* Game.swift in Sources */ = {isa = PBXBuildFile; fileRef = 44C343112A44802200C56E4E /* Game.swift */; };
/* End PBXBuildFile section */

/* Begin PBXFileReference section */
		440FC12A2A516D5000D0605A /* Constants.swift */ = {isa = PBXFileReference; lastKnownFileType = sourcecode.swift; path = Constants.swift; sourceTree = "<group>"; };
		4433D0902A4EC18800DF0E15 /* GameLevel.swift */ = {isa = PBXFileReference; lastKnownFileType = sourcecode.swift; path = GameLevel.swift; sourceTree = "<group>"; };
		4433D0922A50A22000DF0E15 /* TextFieldView.swift */ = {isa = PBXFileReference; lastKnownFileType = sourcecode.swift; path = TextFieldView.swift; sourceTree = "<group>"; };
		4433D0942A50B5E100DF0E15 /* AttemptFrameView.swift */ = {isa = PBXFileReference; lastKnownFileType = sourcecode.swift; path = AttemptFrameView.swift; sourceTree = "<group>"; };
		4463B1DF298A60D10013690D /* GuessNumber.app */ = {isa = PBXFileReference; explicitFileType = wrapper.application; includeInIndex = 0; path = GuessNumber.app; sourceTree = BUILT_PRODUCTS_DIR; };
		4463B1E2298A60D10013690D /* GuessNumberApp.swift */ = {isa = PBXFileReference; lastKnownFileType = sourcecode.swift; path = GuessNumberApp.swift; sourceTree = "<group>"; };
		4463B1E4298A60D10013690D /* MainScreen.swift */ = {isa = PBXFileReference; lastKnownFileType = sourcecode.swift; path = MainScreen.swift; sourceTree = "<group>"; };
		4463B1E6298A60D30013690D /* Assets.xcassets */ = {isa = PBXFileReference; lastKnownFileType = folder.assetcatalog; path = Assets.xcassets; sourceTree = "<group>"; };
		4463B1E9298A60D30013690D /* Preview Assets.xcassets */ = {isa = PBXFileReference; lastKnownFileType = folder.assetcatalog; path = "Preview Assets.xcassets"; sourceTree = "<group>"; };
		4463B1F6298A73E40013690D /* BackgroundView.swift */ = {isa = PBXFileReference; lastKnownFileType = sourcecode.swift; path = BackgroundView.swift; sourceTree = "<group>"; };
		44C3430D2A447BFC00C56E4E /* TextFrameView.swift */ = {isa = PBXFileReference; lastKnownFileType = sourcecode.swift; path = TextFrameView.swift; sourceTree = "<group>"; };
		44C3430F2A447F2700C56E4E /* LevelButtonsView.swift */ = {isa = PBXFileReference; lastKnownFileType = sourcecode.swift; path = LevelButtonsView.swift; sourceTree = "<group>"; };
		44C343112A44802200C56E4E /* Game.swift */ = {isa = PBXFileReference; lastKnownFileType = sourcecode.swift; path = Game.swift; sourceTree = "<group>"; };
/* End PBXFileReference section */

/* Begin PBXFrameworksBuildPhase section */
		4463B1DC298A60D10013690D /* Frameworks */ = {
			isa = PBXFrameworksBuildPhase;
			buildActionMask = 2147483647;
			files = (
			);
			runOnlyForDeploymentPostprocessing = 0;
		};
/* End PBXFrameworksBuildPhase section */

/* Begin PBXGroup section */
		440FC1292A516D3200D0605A /* Constants */ = {
			isa = PBXGroup;
			children = (
				440FC12A2A516D5000D0605A /* Constants.swift */,
			);
			path = Constants;
			sourceTree = "<group>";
		};
		4463B1D6298A60D10013690D = {
			isa = PBXGroup;
			children = (
				4463B1E1298A60D10013690D /* GuessNumber */,
				4463B1E0298A60D10013690D /* Products */,
			);
			sourceTree = "<group>";
		};
		4463B1E0298A60D10013690D /* Products */ = {
			isa = PBXGroup;
			children = (
				4463B1DF298A60D10013690D /* GuessNumber.app */,
			);
			name = Products;
			sourceTree = "<group>";
		};
		4463B1E1298A60D10013690D /* GuessNumber */ = {
			isa = PBXGroup;
			children = (
				4463B1E2298A60D10013690D /* GuessNumberApp.swift */,
				44C3430C2A447ACD00C56E4E /* Screens */,
				44C6813F29CAD8FA002722AB /* Views */,
				440FC1292A516D3200D0605A /* Constants */,
				44C6813E29CAD8EA002722AB /* Model */,
				44C6813D29CAD8D3002722AB /* ViewModel */,
				4463B1E6298A60D30013690D /* Assets.xcassets */,
				4463B1E8298A60D30013690D /* Preview Content */,
			);
			path = GuessNumber;
			sourceTree = "<group>";
		};
		4463B1E8298A60D30013690D /* Preview Content */ = {
			isa = PBXGroup;
			children = (
				4463B1E9298A60D30013690D /* Preview Assets.xcassets */,
			);
			path = "Preview Content";
			sourceTree = "<group>";
		};
		44C3430C2A447ACD00C56E4E /* Screens */ = {
			isa = PBXGroup;
			children = (
				4463B1E4298A60D10013690D /* MainScreen.swift */,
				4433D0902A4EC18800DF0E15 /* GameLevel.swift */,
			);
			path = Screens;
			sourceTree = "<group>";
		};
		44C6813D29CAD8D3002722AB /* ViewModel */ = {
			isa = PBXGroup;
			children = (
			);
			path = ViewModel;
			sourceTree = "<group>";
		};
		44C6813E29CAD8EA002722AB /* Model */ = {
			isa = PBXGroup;
			children = (
				44C343112A44802200C56E4E /* Game.swift */,
			);
			path = Model;
			sourceTree = "<group>";
		};
		44C6813F29CAD8FA002722AB /* Views */ = {
			isa = PBXGroup;
			children = (
				4463B1F6298A73E40013690D /* BackgroundView.swift */,
				44C3430D2A447BFC00C56E4E /* TextFrameView.swift */,
				44C3430F2A447F2700C56E4E /* LevelButtonsView.swift */,
				4433D0922A50A22000DF0E15 /* TextFieldView.swift */,
				4433D0942A50B5E100DF0E15 /* AttemptFrameView.swift */,
			);
			path = Views;
			sourceTree = "<group>";
		};
/* End PBXGroup section */

/* Begin PBXNativeTarget section */
		4463B1DE298A60D10013690D /* GuessNumber */ = {
			isa = PBXNativeTarget;
			buildConfigurationList = 4463B1ED298A60D30013690D /* Build configuration list for PBXNativeTarget "GuessNumber" */;
			buildPhases = (
				4463B1DB298A60D10013690D /* Sources */,
				4463B1DC298A60D10013690D /* Frameworks */,
				4463B1DD298A60D10013690D /* Resources */,
			);
			buildRules = (
			);
			dependencies = (
			);
			name = GuessNumber;
			productName = GuessNumber;
			productReference = 4463B1DF298A60D10013690D /* GuessNumber.app */;
			productType = "com.apple.product-type.application";
		};
/* End PBXNativeTarget section */

/* Begin PBXProject section */
		4463B1D7298A60D10013690D /* Project object */ = {
			isa = PBXProject;
			attributes = {
				BuildIndependentTargetsInParallel = 1;
				LastSwiftUpdateCheck = 1420;
				LastUpgradeCheck = 1420;
				TargetAttributes = {
					4463B1DE298A60D10013690D = {
						CreatedOnToolsVersion = 14.2;
					};
				};
			};
			buildConfigurationList = 4463B1DA298A60D10013690D /* Build configuration list for PBXProject "GuessNumber" */;
			compatibilityVersion = "Xcode 14.0";
			developmentRegion = en;
			hasScannedForEncodings = 0;
			knownRegions = (
				en,
				Base,
			);
			mainGroup = 4463B1D6298A60D10013690D;
			productRefGroup = 4463B1E0298A60D10013690D /* Products */;
			projectDirPath = "";
			projectRoot = "";
			targets = (
				4463B1DE298A60D10013690D /* GuessNumber */,
			);
		};
/* End PBXProject section */

/* Begin PBXResourcesBuildPhase section */
		4463B1DD298A60D10013690D /* Resources */ = {
			isa = PBXResourcesBuildPhase;
			buildActionMask = 2147483647;
			files = (
				4463B1EA298A60D30013690D /* Preview Assets.xcassets in Resources */,
				4463B1E7298A60D30013690D /* Assets.xcassets in Resources */,
			);
			runOnlyForDeploymentPostprocessing = 0;
		};
/* End PBXResourcesBuildPhase section */

/* Begin PBXSourcesBuildPhase section */
		4463B1DB298A60D10013690D /* Sources */ = {
			isa = PBXSourcesBuildPhase;
			buildActionMask = 2147483647;
			files = (
				44C343102A447F2700C56E4E /* LevelButtonsView.swift in Sources */,
				4433D0952A50B5E100DF0E15 /* AttemptFrameView.swift in Sources */,
				44C343122A44802200C56E4E /* Game.swift in Sources */,
				4433D0932A50A22100DF0E15 /* TextFieldView.swift in Sources */,
				4463B1E5298A60D10013690D /* MainScreen.swift in Sources */,
				440FC12B2A516D5000D0605A /* Constants.swift in Sources */,
				4463B1E3298A60D10013690D /* GuessNumberApp.swift in Sources */,
				44C3430E2A447BFC00C56E4E /* TextFrameView.swift in Sources */,
				4463B1F7298A73E40013690D /* BackgroundView.swift in Sources */,
				4433D0912A4EC18800DF0E15 /* GameLevel.swift in Sources */,
			);
			runOnlyForDeploymentPostprocessing = 0;
		};
/* End PBXSourcesBuildPhase section */

/* Begin XCBuildConfiguration section */
		4463B1EB298A60D30013690D /* Debug */ = {
			isa = XCBuildConfiguration;
			buildSettings = {
				ALWAYS_SEARCH_USER_PATHS = NO;
				CLANG_ANALYZER_NONNULL = YES;
				CLANG_ANALYZER_NUMBER_OBJECT_CONVERSION = YES_AGGRESSIVE;
				CLANG_CXX_LANGUAGE_STANDARD = "gnu++20";
				CLANG_ENABLE_MODULES = YES;
				CLANG_ENABLE_OBJC_ARC = YES;
				CLANG_ENABLE_OBJC_WEAK = YES;
				CLANG_WARN_BLOCK_CAPTURE_AUTORELEASING = YES;
				CLANG_WARN_BOOL_CONVERSION = YES;
				CLANG_WARN_COMMA = YES;
				CLANG_WARN_CONSTANT_CONVERSION = YES;
				CLANG_WARN_DEPRECATED_OBJC_IMPLEMENTATIONS = YES;
				CLANG_WARN_DIRECT_OBJC_ISA_USAGE = YES_ERROR;
				CLANG_WARN_DOCUMENTATION_COMMENTS = YES;
				CLANG_WARN_EMPTY_BODY = YES;
				CLANG_WARN_ENUM_CONVERSION = YES;
				CLANG_WARN_INFINITE_RECURSION = YES;
				CLANG_WARN_INT_CONVERSION = YES;
				CLANG_WARN_NON_LITERAL_NULL_CONVERSION = YES;
				CLANG_WARN_OBJC_IMPLICIT_RETAIN_SELF = YES;
				CLANG_WARN_OBJC_LITERAL_CONVERSION = YES;
				CLANG_WARN_OBJC_ROOT_CLASS = YES_ERROR;
				CLANG_WARN_QUOTED_INCLUDE_IN_FRAMEWORK_HEADER = YES;
				CLANG_WARN_RANGE_LOOP_ANALYSIS = YES;
				CLANG_WARN_STRICT_PROTOTYPES = YES;
				CLANG_WARN_SUSPICIOUS_MOVE = YES;
				CLANG_WARN_UNGUARDED_AVAILABILITY = YES_AGGRESSIVE;
				CLANG_WARN_UNREACHABLE_CODE = YES;
				CLANG_WARN__DUPLICATE_METHOD_MATCH = YES;
				COPY_PHASE_STRIP = NO;
				DEBUG_INFORMATION_FORMAT = dwarf;
				ENABLE_STRICT_OBJC_MSGSEND = YES;
				ENABLE_TESTABILITY = YES;
				GCC_C_LANGUAGE_STANDARD = gnu11;
				GCC_DYNAMIC_NO_PIC = NO;
				GCC_NO_COMMON_BLOCKS = YES;
				GCC_OPTIMIZATION_LEVEL = 0;
				GCC_PREPROCESSOR_DEFINITIONS = (
					"DEBUG=1",
					"$(inherited)",
				);
				GCC_WARN_64_TO_32_BIT_CONVERSION = YES;
				GCC_WARN_ABOUT_RETURN_TYPE = YES_ERROR;
				GCC_WARN_UNDECLARED_SELECTOR = YES;
				GCC_WARN_UNINITIALIZED_AUTOS = YES_AGGRESSIVE;
				GCC_WARN_UNUSED_FUNCTION = YES;
				GCC_WARN_UNUSED_VARIABLE = YES;
				IPHONEOS_DEPLOYMENT_TARGET = 16.2;
				MTL_ENABLE_DEBUG_INFO = INCLUDE_SOURCE;
				MTL_FAST_MATH = YES;
				ONLY_ACTIVE_ARCH = YES;
				SDKROOT = iphoneos;
				SWIFT_ACTIVE_COMPILATION_CONDITIONS = DEBUG;
				SWIFT_OPTIMIZATION_LEVEL = "-Onone";
			};
			name = Debug;
		};
		4463B1EC298A60D30013690D /* Release */ = {
			isa = XCBuildConfiguration;
			buildSettings = {
				ALWAYS_SEARCH_USER_PATHS = NO;
				CLANG_ANALYZER_NONNULL = YES;
				CLANG_ANALYZER_NUMBER_OBJECT_CONVERSION = YES_AGGRESSIVE;
				CLANG_CXX_LANGUAGE_STANDARD = "gnu++20";
				CLANG_ENABLE_MODULES = YES;
				CLANG_ENABLE_OBJC_ARC = YES;
				CLANG_ENABLE_OBJC_WEAK = YES;
				CLANG_WARN_BLOCK_CAPTURE_AUTORELEASING = YES;
				CLANG_WARN_BOOL_CONVERSION = YES;
				CLANG_WARN_COMMA = YES;
				CLANG_WARN_CONSTANT_CONVERSION = YES;
				CLANG_WARN_DEPRECATED_OBJC_IMPLEMENTATIONS = YES;
				CLANG_WARN_DIRECT_OBJC_ISA_USAGE = YES_ERROR;
				CLANG_WARN_DOCUMENTATION_COMMENTS = YES;
				CLANG_WARN_EMPTY_BODY = YES;
				CLANG_WARN_ENUM_CONVERSION = YES;
				CLANG_WARN_INFINITE_RECURSION = YES;
				CLANG_WARN_INT_CONVERSION = YES;
				CLANG_WARN_NON_LITERAL_NULL_CONVERSION = YES;
				CLANG_WARN_OBJC_IMPLICIT_RETAIN_SELF = YES;
				CLANG_WARN_OBJC_LITERAL_CONVERSION = YES;
				CLANG_WARN_OBJC_ROOT_CLASS = YES_ERROR;
				CLANG_WARN_QUOTED_INCLUDE_IN_FRAMEWORK_HEADER = YES;
				CLANG_WARN_RANGE_LOOP_ANALYSIS = YES;
				CLANG_WARN_STRICT_PROTOTYPES = YES;
				CLANG_WARN_SUSPICIOUS_MOVE = YES;
				CLANG_WARN_UNGUARDED_AVAILABILITY = YES_AGGRESSIVE;
				CLANG_WARN_UNREACHABLE_CODE = YES;
				CLANG_WARN__DUPLICATE_METHOD_MATCH = YES;
				COPY_PHASE_STRIP = NO;
				DEBUG_INFORMATION_FORMAT = "dwarf-with-dsym";
				ENABLE_NS_ASSERTIONS = NO;
				ENABLE_STRICT_OBJC_MSGSEND = YES;
				GCC_C_LANGUAGE_STANDARD = gnu11;
				GCC_NO_COMMON_BLOCKS = YES;
				GCC_WARN_64_TO_32_BIT_CONVERSION = YES;
				GCC_WARN_ABOUT_RETURN_TYPE = YES_ERROR;
				GCC_WARN_UNDECLARED_SELECTOR = YES;
				GCC_WARN_UNINITIALIZED_AUTOS = YES_AGGRESSIVE;
				GCC_WARN_UNUSED_FUNCTION = YES;
				GCC_WARN_UNUSED_VARIABLE = YES;
				IPHONEOS_DEPLOYMENT_TARGET = 16.2;
				MTL_ENABLE_DEBUG_INFO = NO;
				MTL_FAST_MATH = YES;
				SDKROOT = iphoneos;
				SWIFT_COMPILATION_MODE = wholemodule;
				SWIFT_OPTIMIZATION_LEVEL = "-O";
				VALIDATE_PRODUCT = YES;
			};
			name = Release;
		};
		4463B1EE298A60D30013690D /* Debug */ = {
			isa = XCBuildConfiguration;
			buildSettings = {
				ASSETCATALOG_COMPILER_APPICON_NAME = AppIcon;
				ASSETCATALOG_COMPILER_GLOBAL_ACCENT_COLOR_NAME = AccentColor;
				CODE_SIGN_STYLE = Automatic;
				CURRENT_PROJECT_VERSION = 1;
				DEVELOPMENT_ASSET_PATHS = "\"GuessNumber/Preview Content\"";
				DEVELOPMENT_TEAM = WJ82JM369V;
				ENABLE_PREVIEWS = YES;
				GENERATE_INFOPLIST_FILE = YES;
				INFOPLIST_KEY_UIApplicationSceneManifest_Generation = YES;
				INFOPLIST_KEY_UIApplicationSupportsIndirectInputEvents = YES;
				INFOPLIST_KEY_UILaunchScreen_Generation = YES;
				INFOPLIST_KEY_UISupportedInterfaceOrientations_iPad = "UIInterfaceOrientationPortrait UIInterfaceOrientationPortraitUpsideDown UIInterfaceOrientationLandscapeLeft UIInterfaceOrientationLandscapeRight";
				INFOPLIST_KEY_UISupportedInterfaceOrientations_iPhone = "UIInterfaceOrientationPortrait UIInterfaceOrientationLandscapeLeft UIInterfaceOrientationLandscapeRight";
				IPHONEOS_DEPLOYMENT_TARGET = 16.2;
				LD_RUNPATH_SEARCH_PATHS = (
					"$(inherited)",
					"@executable_path/Frameworks",
				);
				MARKETING_VERSION = 1.0;
				PRODUCT_BUNDLE_IDENTIFIER = Bershee.GuessNumber;
				PRODUCT_NAME = "$(TARGET_NAME)";
				SWIFT_EMIT_LOC_STRINGS = YES;
				SWIFT_VERSION = 5.0;
				TARGETED_DEVICE_FAMILY = "1,2";
			};
			name = Debug;
		};
		4463B1EF298A60D30013690D /* Release */ = {
			isa = XCBuildConfiguration;
			buildSettings = {
				ASSETCATALOG_COMPILER_APPICON_NAME = AppIcon;
				ASSETCATALOG_COMPILER_GLOBAL_ACCENT_COLOR_NAME = AccentColor;
				CODE_SIGN_STYLE = Automatic;
				CURRENT_PROJECT_VERSION = 1;
				DEVELOPMENT_ASSET_PATHS = "\"GuessNumber/Preview Content\"";
				DEVELOPMENT_TEAM = WJ82JM369V;
				ENABLE_PREVIEWS = YES;
				GENERATE_INFOPLIST_FILE = YES;
				INFOPLIST_KEY_UIApplicationSceneManifest_Generation = YES;
				INFOPLIST_KEY_UIApplicationSupportsIndirectInputEvents = YES;
				INFOPLIST_KEY_UILaunchScreen_Generation = YES;
				INFOPLIST_KEY_UISupportedInterfaceOrientations_iPad = "UIInterfaceOrientationPortrait UIInterfaceOrientationPortraitUpsideDown UIInterfaceOrientationLandscapeLeft UIInterfaceOrientationLandscapeRight";
				INFOPLIST_KEY_UISupportedInterfaceOrientations_iPhone = "UIInterfaceOrientationPortrait UIInterfaceOrientationLandscapeLeft UIInterfaceOrientationLandscapeRight";
				IPHONEOS_DEPLOYMENT_TARGET = 16.2;
				LD_RUNPATH_SEARCH_PATHS = (
					"$(inherited)",
					"@executable_path/Frameworks",
				);
				MARKETING_VERSION = 1.0;
				PRODUCT_BUNDLE_IDENTIFIER = Bershee.GuessNumber;
				PRODUCT_NAME = "$(TARGET_NAME)";
				SWIFT_EMIT_LOC_STRINGS = YES;
				SWIFT_VERSION = 5.0;
				TARGETED_DEVICE_FAMILY = "1,2";
			};
			name = Release;
		};
/* End XCBuildConfiguration section */

/* Begin XCConfigurationList section */
		4463B1DA298A60D10013690D /* Build configuration list for PBXProject "GuessNumber" */ = {
			isa = XCConfigurationList;
			buildConfigurations = (
				4463B1EB298A60D30013690D /* Debug */,
				4463B1EC298A60D30013690D /* Release */,
			);
			defaultConfigurationIsVisible = 0;
			defaultConfigurationName = Release;
		};
		4463B1ED298A60D30013690D /* Build configuration list for PBXNativeTarget "GuessNumber" */ = {
			isa = XCConfigurationList;
			buildConfigurations = (
				4463B1EE298A60D30013690D /* Debug */,
				4463B1EF298A60D30013690D /* Release */,
			);
			defaultConfigurationIsVisible = 0;
			defaultConfigurationName = Release;
		};
/* End XCConfigurationList section */
	};
	rootObject = 4463B1D7298A60D10013690D /* Project object */;
}
